
Microsoft Visual Studio Solution File, Format Version 12.00
# Visual Studio 15
VisualStudioVersion = 15.0.28307.757
MinimumVisualStudioVersion = 10.0.40219.1
Project("{2150E333-8FDC-42A3-9474-1A3956D46DE8}") = "Solution Items", "Solution Items", "{3A338E2D-5E8C-401E-9C31-DD29F61E3CFC}"
	ProjectSection(SolutionItems) = preProject
		aboutme.html = aboutme.html
		css\body_stylesheet.css = css\body_stylesheet.css
		contact.html = contact.html
		js\contactform.js = js\contactform.js
		css\img_stylesheet.css = css\img_stylesheet.css
		index.html = index.html
		portfolio.html = portfolio.html
	EndProjectSection
EndProject
Global
	GlobalSection(SolutionProperties) = preSolution
		HideSolutionNode = FALSE
	EndGlobalSection
	GlobalSection(ExtensibilityGlobals) = postSolution
		SolutionGuid = {5581FC27-3519-4A8B-BE07-F11416DBED81}
	EndGlobalSection
EndGlobal
